<?xml version="1.0" encoding="utf-8"?>
<Project ToolsVersion="4.0" xmlns="http://schemas.microsoft.com/developer/msbuild/2003">
  <ItemGroup>
    <Filter Include="Resource Files">
      <UniqueIdentifier>{67DA6AB6-F800-4c08-8B7A-83BB121AAD01}</UniqueIdentifier>
      <Extensions>rc;ico;cur;bmp;dlg;rc2;rct;bin;rgs;gif;jpg;jpeg;jpe;resx;tiff;tif;png;wav;mfcribbon-ms</Extensions>
    </Filter>
    <Filter Include="Plugin Files">
      <UniqueIdentifier>{4FC737F1-C7A5-4376-A066-2A32D752A2F2}</UniqueIdentifier>
    </Filter>
    <Filter Include="Plugin Files\Header">
      <UniqueIdentifier>{24b35e20-1cdb-4276-aad7-b897733018e6}</UniqueIdentifier>
    </Filter>
    <Filter Include="Plugin Files\Source">
      <UniqueIdentifier>{8a1a475e-98d7-480e-9f44-a042377d33d5}</UniqueIdentifier>
    </Filter>
    <Filter Include="Resource Files\F4SEHeaders">
      <UniqueIdentifier>{93995380-89BD-4b04-88EB-625FBE52EBFB}</UniqueIdentifier>
      <Extensions>h;hh;hpp;hxx;hm;inl;inc;xsd</Extensions>
    </Filter>
    <Filter Include="Resource Files\F4SESource">
      <UniqueIdentifier>{4FC737F1-C7A5-4376-A066-2A32D752A2FF}</UniqueIdentifier>
      <Extensions>cpp;c;cc;cxx;def;odl;idl;hpj;bat;asm;asmx</Extensions>
    </Filter>
    <Filter Include="Resource Files\SimpleIni">
      <UniqueIdentifier>{da9fbb24-e920-49fd-8a1e-c0aaf6ea37be}</UniqueIdentifier>
    </Filter>
  </ItemGroup>
  <ItemGroup>
    <ClInclude Include="..\f4se\f4se\GameAPI.h">
      <Filter>Resource Files\F4SEHeaders</Filter>
    </ClInclude>
    <ClInclude Include="..\f4se\f4se\GameExtraData.h">
      <Filter>Resource Files\F4SEHeaders</Filter>
    </ClInclude>
    <ClInclude Include="..\f4se\f4se\GameForms.h">
      <Filter>Resource Files\F4SEHeaders</Filter>
    </ClInclude>
    <ClInclude Include="..\f4se\f4se\GameFormComponents.h">
      <Filter>Resource Files\F4SEHeaders</Filter>
    </ClInclude>
    <ClInclude Include="..\f4se\f4se\GameRTTI.h">
      <Filter>Resource Files\F4SEHeaders</Filter>
    </ClInclude>
    <ClInclude Include="..\f4se\f4se\GameTypes.h">
      <Filter>Resource Files\F4SEHeaders</Filter>
    </ClInclude>
    <ClInclude Include="..\f4se\f4se\GameUtilities.h">
      <Filter>Resource Files\F4SEHeaders</Filter>
    </ClInclude>
    <ClInclude Include="..\common\IErrors.h">
      <Filter>Resource Files\F4SEHeaders</Filter>
    </ClInclude>
    <ClInclude Include="..\common\IDataStream.h">
      <Filter>Resource Files\F4SEHeaders</Filter>
    </ClInclude>
    <ClInclude Include="..\common\IFileStream.h">
      <Filter>Resource Files\F4SEHeaders</Filter>
    </ClInclude>
    <ClInclude Include="..\common\IDebugLog.h">
      <Filter>Resource Files\F4SEHeaders</Filter>
    </ClInclude>
    <ClInclude Include="..\f4se\f4se_common\Relocation.h">
      <Filter>Resource Files\F4SEHeaders</Filter>
    </ClInclude>
    <ClInclude Include="Config.h">
      <Filter>Plugin Files\Header</Filter>
    </ClInclude>
    <ClInclude Include="..\f4se\f4se\GameData.h">
      <Filter>Resource Files\F4SEHeaders</Filter>
    </ClInclude>
    <ClInclude Include="SimpleIni\SimpleIni.h">
      <Filter>Resource Files\SimpleIni</Filter>
    </ClInclude>
    <ClInclude Include="..\common\Utilities.h">
      <Filter>Resource Files\F4SEHeaders</Filter>
    </ClInclude>
    <ClInclude Include="..\f4se_common\f4se_version.h">
      <Filter>Resource Files\F4SEHeaders</Filter>
    </ClInclude>
    <ClInclude Include="..\f4se\f4se_common\Utilities.h">
      <Filter>Resource Files\F4SEHeaders</Filter>
    </ClInclude>
    <ClInclude Include="SAKELoader.h">
      <Filter>Plugin Files\Header</Filter>
    </ClInclude>
  </ItemGroup>
  <ItemGroup>
    <ClCompile Include="..\f4se\f4se\GameAPI.cpp">
      <Filter>Resource Files\F4SESource</Filter>
    </ClCompile>
    <ClCompile Include="..\f4se\f4se\GameExtraData.cpp">
      <Filter>Resource Files\F4SESource</Filter>
    </ClCompile>
    <ClCompile Include="..\f4se\f4se\GameForms.cpp">
      <Filter>Resource Files\F4SESource</Filter>
    </ClCompile>
    <ClCompile Include="..\f4se\f4se\GameFormComponents.cpp">
      <Filter>Resource Files\F4SESource</Filter>
    </ClCompile>
    <ClCompile Include="..\f4se\f4se\GameRTTI.cpp">
      <Filter>Resource Files\F4SESource</Filter>
    </ClCompile>
    <ClCompile Include="..\f4se\f4se\GameTypes.cpp">
      <Filter>Resource Files\F4SESource</Filter>
    </ClCompile>
    <ClCompile Include="..\f4se\f4se\GameUtilities.cpp">
      <Filter>Resource Files\F4SESource</Filter>
    </ClCompile>
    <ClCompile Include="..\common\IErrors.cpp">
      <Filter>Resource Files\F4SESource</Filter>
    </ClCompile>
    <ClCompile Include="..\common\IDataStream.cpp">
      <Filter>Resource Files\F4SESource</Filter>
    </ClCompile>
    <ClCompile Include="..\common\IFileStream.cpp">
      <Filter>Resource Files\F4SESource</Filter>
    </ClCompile>
    <ClCompile Include="..\common\IDebugLog.cpp">
      <Filter>Resource Files\F4SESource</Filter>
    </ClCompile>
    <ClCompile Include="..\f4se\f4se_common\Relocation.cpp">
      <Filter>Resource Files\F4SESource</Filter>
    </ClCompile>
    <ClCompile Include="main.cpp">
      <Filter>Plugin Files\Source</Filter>
    </ClCompile>
    <ClCompile Include="..\f4se\f4se\GameData.cpp">
      <Filter>Resource Files\F4SESource</Filter>
    </ClCompile>
    <ClCompile Include="SAKELoader.cpp">
      <Filter>Plugin Files\Source</Filter>
    </ClCompile>
  </ItemGroup>
</Project>